{
  "version": 2,
  "dependencies": {
    "net8.0": {
      "Microsoft.DotNet.ILCompiler": {
        "type": "Direct",
        "requested": "[8.0.10, )",
        "resolved": "8.0.10",
        "contentHash": "iThS5LNCcLlFkUlnxCJMgMSQ6s1BgbZo9ri11DDgNxDn8StwgFVUQJ8O5N/7S037jcS1md8tWp7Zu2YconIlag=="
      },
      "Microsoft.NET.ILLink.Tasks": {
        "type": "Direct",
        "requested": "[8.0.10, )",
        "resolved": "8.0.10",
        "contentHash": "xT8jYjlroY7SLbGtoV9vUTVW/TPgodL4Egc31a444Xe0TMytLZ3UlKQ0kxMZsy/CrWsFB6wtKnSG1SsXcWreew=="
      },
      "System.CommandLine": {
        "type": "Direct",
        "requested": "[2.0.0-beta4.22272.1, )",
        "resolved": "2.0.0-beta4.22272.1",
        "contentHash": "1uqED/q2H0kKoLJ4+hI2iPSBSEdTuhfCYADeJrAqERmiGQ2NNacYKRNEQ+gFbU4glgVyK8rxI+ZOe1onEtr/Pg=="
      }
    },
    "net8.0/linux-arm64": {
      "Microsoft.DotNet.ILCompiler": {
        "type": "Direct",
        "requested": "[8.0.10, )",
        "resolved": "8.0.10",
        "contentHash": "iThS5LNCcLlFkUlnxCJMgMSQ6s1BgbZo9ri11DDgNxDn8StwgFVUQJ8O5N/7S037jcS1md8tWp7Zu2YconIlag==",
        "dependencies": {
          "runtime.linux-arm64.Microsoft.DotNet.ILCompiler": "8.0.10"
        }
      },
      "runtime.linux-arm64.Microsoft.DotNet.ILCompiler": {
        "type": "Transitive",
        "resolved": "8.0.10",
        "contentHash": "YS61Q0I8QHpUOhIOqe+Oa1dHYAQGWkioAuMzEZWUiBnXjs8yi32KFan2ISDTR3vGVU3HGdMsb7gS/EM5X6kBVg=="
      }
    },
    "net8.0/linux-x64": {
      "Microsoft.DotNet.ILCompiler": {
        "type": "Direct",
        "requested": "[8.0.10, )",
        "resolved": "8.0.10",
        "contentHash": "iThS5LNCcLlFkUlnxCJMgMSQ6s1BgbZo9ri11DDgNxDn8StwgFVUQJ8O5N/7S037jcS1md8tWp7Zu2YconIlag==",
        "dependencies": {
          "runtime.linux-x64.Microsoft.DotNet.ILCompiler": "8.0.10"
        }
      },
      "runtime.linux-x64.Microsoft.DotNet.ILCompiler": {
        "type": "Transitive",
        "resolved": "8.0.10",
        "contentHash": "gH4EOwMHeOgfuEVui/dPWlLEnIipUaU64GGNZO9gUx34pjSTg2ztefOWLuARReWuwGJnZx3zbgKaiLOt4X67sA=="
      }
    },
    "net8.0/osx-arm64": {
      "Microsoft.DotNet.ILCompiler": {
        "type": "Direct",
        "requested": "[8.0.10, )",
        "resolved": "8.0.10",
        "contentHash": "iThS5LNCcLlFkUlnxCJMgMSQ6s1BgbZo9ri11DDgNxDn8StwgFVUQJ8O5N/7S037jcS1md8tWp7Zu2YconIlag==",
        "dependencies": {
          "runtime.osx-arm64.Microsoft.DotNet.ILCompiler": "8.0.10"
        }
      },
      "runtime.osx-arm64.Microsoft.DotNet.ILCompiler": {
        "type": "Transitive",
        "resolved": "8.0.10",
        "contentHash": "Dc3UsgOGeR2ZQCK5ij6oMXSDp7dDgwz8JIxHVhIzArugQkiPalUBNX3p72VcqhnutCPhUFbAsxR2B6dk5f2LGQ=="
      }
    },
    "net8.0/osx-x64": {
      "Microsoft.DotNet.ILCompiler": {
        "type": "Direct",
        "requested": "[8.0.10, )",
        "resolved": "8.0.10",
        "contentHash": "iThS5LNCcLlFkUlnxCJMgMSQ6s1BgbZo9ri11DDgNxDn8StwgFVUQJ8O5N/7S037jcS1md8tWp7Zu2YconIlag==",
        "dependencies": {
          "runtime.osx-x64.Microsoft.DotNet.ILCompiler": "8.0.10"
        }
      },
      "runtime.osx-x64.Microsoft.DotNet.ILCompiler": {
        "type": "Transitive",
        "resolved": "8.0.10",
        "contentHash": "r7MLJ6pjKc9uyUTd6AZL9OpYdpsBNIDEIYFiN+oj00daZn7gYMudqrjEfkzE1ZtFDG9pq7cFkRxgCXXceqQtGA=="
      }
    },
    "net8.0/win-arm64": {
      "Microsoft.DotNet.ILCompiler": {
        "type": "Direct",
        "requested": "[8.0.10, )",
        "resolved": "8.0.10",
        "contentHash": "iThS5LNCcLlFkUlnxCJMgMSQ6s1BgbZo9ri11DDgNxDn8StwgFVUQJ8O5N/7S037jcS1md8tWp7Zu2YconIlag==",
        "dependencies": {
          "runtime.win-arm64.Microsoft.DotNet.ILCompiler": "8.0.10"
        }
      },
      "runtime.win-arm64.Microsoft.DotNet.ILCompiler": {
        "type": "Transitive",
        "resolved": "8.0.10",
        "contentHash": "cfkLy8gvy4N/RwCW1UbEJBEIUfXQlg3yCwpiRmdku38pwxZl6YRE6Ai3divN9TFGGXghMBmmKA5k1ndUerHU+A=="
      }
    },
    "net8.0/win-x64": {
      "Microsoft.DotNet.ILCompiler": {
        "type": "Direct",
        "requested": "[8.0.10, )",
        "resolved": "8.0.10",
        "contentHash": "iThS5LNCcLlFkUlnxCJMgMSQ6s1BgbZo9ri11DDgNxDn8StwgFVUQJ8O5N/7S037jcS1md8tWp7Zu2YconIlag==",
        "dependencies": {
          "runtime.win-x64.Microsoft.DotNet.ILCompiler": "8.0.10"
        }
      },
      "runtime.win-x64.Microsoft.DotNet.ILCompiler": {
        "type": "Transitive",
        "resolved": "8.0.10",
        "contentHash": "0FC09AZCyw9ka7uvI2nGNMph9ouaCuVSvg3geu6C/U5HC9e3x5BaTn1qm7clu1Z6dit9QhJoA3HPkti9zgxQWg=="
      }
    }
  }
}